// !$*UTF8*$!
{
	archiveVersion = 1;
	classes = {
	};
	objectVersion = 56;
	objects = {

/* Begin PBXBuildFile section */
		BF44118829A21DFE00A55F27 /* RequestResult.swift in Sources */ = {isa = PBXBuildFile; fileRef = BF44118729A21DFE00A55F27 /* RequestResult.swift */; };
		BFBC461729A2014400CB3E0F /* GoogleService-Info.plist in Resources */ = {isa = PBXBuildFile; fileRef = BFBC461629A2014400CB3E0F /* GoogleService-Info.plist */; };
		BFE361D329A1F6F200FA0F11 /* AppDelegate.swift in Sources */ = {isa = PBXBuildFile; fileRef = BFE361D229A1F6F200FA0F11 /* AppDelegate.swift */; };
		BFE361D529A1F6F200FA0F11 /* SceneDelegate.swift in Sources */ = {isa = PBXBuildFile; fileRef = BFE361D429A1F6F200FA0F11 /* SceneDelegate.swift */; };
		BFE361DC29A1F6F200FA0F11 /* Assets.xcassets in Resources */ = {isa = PBXBuildFile; fileRef = BFE361DB29A1F6F200FA0F11 /* Assets.xcassets */; };
		BFE361F429A1F94B00FA0F11 /* StartViewController.swift in Sources */ = {isa = PBXBuildFile; fileRef = BFE361F329A1F94B00FA0F11 /* StartViewController.swift */; };
		BFE361F729A1FB3800FA0F11 /* LoginViewController.swift in Sources */ = {isa = PBXBuildFile; fileRef = BFE361F629A1FB3800FA0F11 /* LoginViewController.swift */; };
		BFE361F929A1FB3D00FA0F11 /* LoginViewModel.swift in Sources */ = {isa = PBXBuildFile; fileRef = BFE361F829A1FB3D00FA0F11 /* LoginViewModel.swift */; };
		BFE361FB29A1FED000FA0F11 /* Launch Screen.storyboard in Resources */ = {isa = PBXBuildFile; fileRef = BFE361FA29A1FED000FA0F11 /* Launch Screen.storyboard */; };
		C0FA2E24A80F5F325DDF804F /* Pods_BanTaxi.framework in Frameworks */ = {isa = PBXBuildFile; fileRef = 040B15DF90100D48B261E40C /* Pods_BanTaxi.framework */; };
/* End PBXBuildFile section */

/* Begin PBXFileReference section */
		040B15DF90100D48B261E40C /* Pods_BanTaxi.framework */ = {isa = PBXFileReference; explicitFileType = wrapper.framework; includeInIndex = 0; path = Pods_BanTaxi.framework; sourceTree = BUILT_PRODUCTS_DIR; };
		B36A7539BC0DC746A09FF449 /* Pods-BanTaxi.debug.xcconfig */ = {isa = PBXFileReference; includeInIndex = 1; lastKnownFileType = text.xcconfig; name = "Pods-BanTaxi.debug.xcconfig"; path = "Target Support Files/Pods-BanTaxi/Pods-BanTaxi.debug.xcconfig"; sourceTree = "<group>"; };
		BF44118729A21DFE00A55F27 /* RequestResult.swift */ = {isa = PBXFileReference; lastKnownFileType = sourcecode.swift; path = RequestResult.swift; sourceTree = "<group>"; };
		BFBC461629A2014400CB3E0F /* GoogleService-Info.plist */ = {isa = PBXFileReference; fileEncoding = 4; lastKnownFileType = text.plist.xml; path = "GoogleService-Info.plist"; sourceTree = "<group>"; };
		BFE361CF29A1F6F200FA0F11 /* BanTaxi.app */ = {isa = PBXFileReference; explicitFileType = wrapper.application; includeInIndex = 0; path = BanTaxi.app; sourceTree = BUILT_PRODUCTS_DIR; };
		BFE361D229A1F6F200FA0F11 /* AppDelegate.swift */ = {isa = PBXFileReference; lastKnownFileType = sourcecode.swift; path = AppDelegate.swift; sourceTree = "<group>"; };
		BFE361D429A1F6F200FA0F11 /* SceneDelegate.swift */ = {isa = PBXFileReference; lastKnownFileType = sourcecode.swift; path = SceneDelegate.swift; sourceTree = "<group>"; };
		BFE361DB29A1F6F200FA0F11 /* Assets.xcassets */ = {isa = PBXFileReference; lastKnownFileType = folder.assetcatalog; path = Assets.xcassets; sourceTree = "<group>"; };
		BFE361E029A1F6F200FA0F11 /* Info.plist */ = {isa = PBXFileReference; lastKnownFileType = text.plist.xml; path = Info.plist; sourceTree = "<group>"; };
		BFE361F329A1F94B00FA0F11 /* StartViewController.swift */ = {isa = PBXFileReference; lastKnownFileType = sourcecode.swift; path = StartViewController.swift; sourceTree = "<group>"; };
		BFE361F629A1FB3800FA0F11 /* LoginViewController.swift */ = {isa = PBXFileReference; lastKnownFileType = sourcecode.swift; path = LoginViewController.swift; sourceTree = "<group>"; };
		BFE361F829A1FB3D00FA0F11 /* LoginViewModel.swift */ = {isa = PBXFileReference; lastKnownFileType = sourcecode.swift; path = LoginViewModel.swift; sourceTree = "<group>"; };
		BFE361FA29A1FED000FA0F11 /* Launch Screen.storyboard */ = {isa = PBXFileReference; lastKnownFileType = file.storyboard; path = "Launch Screen.storyboard"; sourceTree = "<group>"; };
		C5190DF9A2A5F3990F31C8F0 /* Pods-BanTaxi.release.xcconfig */ = {isa = PBXFileReference; includeInIndex = 1; lastKnownFileType = text.xcconfig; name = "Pods-BanTaxi.release.xcconfig"; path = "Target Support Files/Pods-BanTaxi/Pods-BanTaxi.release.xcconfig"; sourceTree = "<group>"; };
/* End PBXFileReference section */

/* Begin PBXFrameworksBuildPhase section */
		BFE361CC29A1F6F200FA0F11 /* Frameworks */ = {
			isa = PBXFrameworksBuildPhase;
			buildActionMask = 2147483647;
			files = (
				C0FA2E24A80F5F325DDF804F /* Pods_BanTaxi.framework in Frameworks */,
			);
			runOnlyForDeploymentPostprocessing = 0;
		};
/* End PBXFrameworksBuildPhase section */

/* Begin PBXGroup section */
		22BBDDB721C99B09776FDCE7 /* Pods */ = {
			isa = PBXGroup;
			children = (
				B36A7539BC0DC746A09FF449 /* Pods-BanTaxi.debug.xcconfig */,
				C5190DF9A2A5F3990F31C8F0 /* Pods-BanTaxi.release.xcconfig */,
			);
			path = Pods;
			sourceTree = "<group>";
		};
		ADEE4199E4C924C58D919B38 /* Frameworks */ = {
			isa = PBXGroup;
			children = (
				040B15DF90100D48B261E40C /* Pods_BanTaxi.framework */,
			);
			name = Frameworks;
			sourceTree = "<group>";
		};
		BF44118629A21DF400A55F27 /* Entity */ = {
			isa = PBXGroup;
			children = (
				BF44118729A21DFE00A55F27 /* RequestResult.swift */,
			);
			path = Entity;
			sourceTree = "<group>";
		};
		BFE361C629A1F6F200FA0F11 = {
			isa = PBXGroup;
			children = (
				BFE361D129A1F6F200FA0F11 /* BanTaxi */,
				BFE361D029A1F6F200FA0F11 /* Products */,
				22BBDDB721C99B09776FDCE7 /* Pods */,
				ADEE4199E4C924C58D919B38 /* Frameworks */,
			);
			sourceTree = "<group>";
		};
		BFE361D029A1F6F200FA0F11 /* Products */ = {
			isa = PBXGroup;
			children = (
				BFE361CF29A1F6F200FA0F11 /* BanTaxi.app */,
			);
			name = Products;
			sourceTree = "<group>";
		};
		BFE361D129A1F6F200FA0F11 /* BanTaxi */ = {
			isa = PBXGroup;
			children = (
				BF44118629A21DF400A55F27 /* Entity */,
				BFE361F129A1F92B00FA0F11 /* Presentation */,
				BFE361F029A1F90500FA0F11 /* Delegate */,
				BFE361DB29A1F6F200FA0F11 /* Assets.xcassets */,
				BFE361E029A1F6F200FA0F11 /* Info.plist */,
				BFBC461629A2014400CB3E0F /* GoogleService-Info.plist */,
				BFE361FA29A1FED000FA0F11 /* Launch Screen.storyboard */,
			);
			path = BanTaxi;
			sourceTree = "<group>";
		};
		BFE361F029A1F90500FA0F11 /* Delegate */ = {
			isa = PBXGroup;
			children = (
				BFE361D229A1F6F200FA0F11 /* AppDelegate.swift */,
				BFE361D429A1F6F200FA0F11 /* SceneDelegate.swift */,
			);
			path = Delegate;
			sourceTree = "<group>";
		};
		BFE361F129A1F92B00FA0F11 /* Presentation */ = {
			isa = PBXGroup;
			children = (
				BFE361F529A1FB2F00FA0F11 /* Login */,
				BFE361F229A1F93E00FA0F11 /* Start */,
			);
			path = Presentation;
			sourceTree = "<group>";
		};
		BFE361F229A1F93E00FA0F11 /* Start */ = {
			isa = PBXGroup;
			children = (
				BFE361F329A1F94B00FA0F11 /* StartViewController.swift */,
			);
			path = Start;
			sourceTree = "<group>";
		};
		BFE361F529A1FB2F00FA0F11 /* Login */ = {
			isa = PBXGroup;
			children = (
				BFE361F629A1FB3800FA0F11 /* LoginViewController.swift */,
				BFE361F829A1FB3D00FA0F11 /* LoginViewModel.swift */,
			);
			path = Login;
			sourceTree = "<group>";
		};
/* End PBXGroup section */

/* Begin PBXNativeTarget section */
		BFE361CE29A1F6F200FA0F11 /* BanTaxi */ = {
			isa = PBXNativeTarget;
			buildConfigurationList = BFE361E329A1F6F200FA0F11 /* Build configuration list for PBXNativeTarget "BanTaxi" */;
			buildPhases = (
				65234E7292036BF604AFFA6C /* [CP] Check Pods Manifest.lock */,
				BFE361CB29A1F6F200FA0F11 /* Sources */,
				BFE361CC29A1F6F200FA0F11 /* Frameworks */,
				BFE361CD29A1F6F200FA0F11 /* Resources */,
				DEB9DD4337425DD6BC62B145 /* [CP] Embed Pods Frameworks */,
			);
			buildRules = (
			);
			dependencies = (
			);
			name = BanTaxi;
			productName = BanTaxi;
			productReference = BFE361CF29A1F6F200FA0F11 /* BanTaxi.app */;
			productType = "com.apple.product-type.application";
		};
/* End PBXNativeTarget section */

/* Begin PBXProject section */
		BFE361C729A1F6F200FA0F11 /* Project object */ = {
			isa = PBXProject;
			attributes = {
				BuildIndependentTargetsInParallel = 1;
				LastSwiftUpdateCheck = 1420;
				LastUpgradeCheck = 1420;
				TargetAttributes = {
					BFE361CE29A1F6F200FA0F11 = {
						CreatedOnToolsVersion = 14.2;
					};
				};
			};
			buildConfigurationList = BFE361CA29A1F6F200FA0F11 /* Build configuration list for PBXProject "BanTaxi" */;
			compatibilityVersion = "Xcode 14.0";
			developmentRegion = en;
			hasScannedForEncodings = 0;
			knownRegions = (
				en,
				Base,
			);
			mainGroup = BFE361C629A1F6F200FA0F11;
			packageReferences = (
			);
			productRefGroup = BFE361D029A1F6F200FA0F11 /* Products */;
			projectDirPath = "";
			projectRoot = "";
			targets = (
				BFE361CE29A1F6F200FA0F11 /* BanTaxi */,
			);
		};
/* End PBXProject section */

/* Begin PBXResourcesBuildPhase section */
		BFE361CD29A1F6F200FA0F11 /* Resources */ = {
			isa = PBXResourcesBuildPhase;
			buildActionMask = 2147483647;
			files = (
				BFE361FB29A1FED000FA0F11 /* Launch Screen.storyboard in Resources */,
				BFE361DC29A1F6F200FA0F11 /* Assets.xcassets in Resources */,
				BFBC461729A2014400CB3E0F /* GoogleService-Info.plist in Resources */,
			);
			runOnlyForDeploymentPostprocessing = 0;
		};
/* End PBXResourcesBuildPhase section */

/* Begin PBXShellScriptBuildPhase section */
		65234E7292036BF604AFFA6C /* [CP] Check Pods Manifest.lock */ = {
			isa = PBXShellScriptBuildPhase;
			buildActionMask = 2147483647;
			files = (
			);
			inputFileListPaths = (
			);
			inputPaths = (
				"${PODS_PODFILE_DIR_PATH}/Podfile.lock",
				"${PODS_ROOT}/Manifest.lock",
			);
			name = "[CP] Check Pods Manifest.lock";
			outputFileListPaths = (
			);
			outputPaths = (
				"$(DERIVED_FILE_DIR)/Pods-BanTaxi-checkManifestLockResult.txt",
			);
			runOnlyForDeploymentPostprocessing = 0;
			shellPath = /bin/sh;
			shellScript = "diff \"${PODS_PODFILE_DIR_PATH}/Podfile.lock\" \"${PODS_ROOT}/Manifest.lock\" > /dev/null\nif [ $? != 0 ] ; then\n    # print error to STDERR\n    echo \"error: The sandbox is not in sync with the Podfile.lock. Run 'pod install' or update your CocoaPods installation.\" >&2\n    exit 1\nfi\n# This output is used by Xcode 'outputs' to avoid re-running this script phase.\necho \"SUCCESS\" > \"${SCRIPT_OUTPUT_FILE_0}\"\n";
			showEnvVarsInLog = 0;
		};
		DEB9DD4337425DD6BC62B145 /* [CP] Embed Pods Frameworks */ = {
			isa = PBXShellScriptBuildPhase;
			buildActionMask = 2147483647;
			files = (
			);
			inputFileListPaths = (
				"${PODS_ROOT}/Target Support Files/Pods-BanTaxi/Pods-BanTaxi-frameworks-${CONFIGURATION}-input-files.xcfilelist",
			);
			name = "[CP] Embed Pods Frameworks";
			outputFileListPaths = (
				"${PODS_ROOT}/Target Support Files/Pods-BanTaxi/Pods-BanTaxi-frameworks-${CONFIGURATION}-output-files.xcfilelist",
			);
			runOnlyForDeploymentPostprocessing = 0;
			shellPath = /bin/sh;
			shellScript = "\"${PODS_ROOT}/Target Support Files/Pods-BanTaxi/Pods-BanTaxi-frameworks.sh\"\n";
			showEnvVarsInLog = 0;
		};
/* End PBXShellScriptBuildPhase section */

/* Begin PBXSourcesBuildPhase section */
		BFE361CB29A1F6F200FA0F11 /* Sources */ = {
			isa = PBXSourcesBuildPhase;
			buildActionMask = 2147483647;
			files = (
				BF44118829A21DFE00A55F27 /* RequestResult.swift in Sources */,
				BFE361F729A1FB3800FA0F11 /* LoginViewController.swift in Sources */,
				BFE361D329A1F6F200FA0F11 /* AppDelegate.swift in Sources */,
				BFE361D529A1F6F200FA0F11 /* SceneDelegate.swift in Sources */,
				BFE361F929A1FB3D00FA0F11 /* LoginViewModel.swift in Sources */,
				BFE361F429A1F94B00FA0F11 /* StartViewController.swift in Sources */,
			);
			runOnlyForDeploymentPostprocessing = 0;
		};
/* End PBXSourcesBuildPhase section */

/* Begin XCBuildConfiguration section */
		BFE361E129A1F6F200FA0F11 /* Debug */ = {
			isa = XCBuildConfiguration;
			buildSettings = {
				ALWAYS_SEARCH_USER_PATHS = NO;
				CLANG_ANALYZER_NONNULL = YES;
				CLANG_ANALYZER_NUMBER_OBJECT_CONVERSION = YES_AGGRESSIVE;
				CLANG_CXX_LANGUAGE_STANDARD = "gnu++20";
				CLANG_ENABLE_MODULES = YES;
				CLANG_ENABLE_OBJC_ARC = YES;
				CLANG_ENABLE_OBJC_WEAK = YES;
				CLANG_WARN_BLOCK_CAPTURE_AUTORELEASING = YES;
				CLANG_WARN_BOOL_CONVERSION = YES;
				CLANG_WARN_COMMA = YES;
				CLANG_WARN_CONSTANT_CONVERSION = YES;
				CLANG_WARN_DEPRECATED_OBJC_IMPLEMENTATIONS = YES;
				CLANG_WARN_DIRECT_OBJC_ISA_USAGE = YES_ERROR;
				CLANG_WARN_DOCUMENTATION_COMMENTS = YES;
				CLANG_WARN_EMPTY_BODY = YES;
				CLANG_WARN_ENUM_CONVERSION = YES;
				CLANG_WARN_INFINITE_RECURSION = YES;
				CLANG_WARN_INT_CONVERSION = YES;
				CLANG_WARN_NON_LITERAL_NULL_CONVERSION = YES;
				CLANG_WARN_OBJC_IMPLICIT_RETAIN_SELF = YES;
				CLANG_WARN_OBJC_LITERAL_CONVERSION = YES;
				CLANG_WARN_OBJC_ROOT_CLASS = YES_ERROR;
				CLANG_WARN_QUOTED_INCLUDE_IN_FRAMEWORK_HEADER = YES;
				CLANG_WARN_RANGE_LOOP_ANALYSIS = YES;
				CLANG_WARN_STRICT_PROTOTYPES = YES;
				CLANG_WARN_SUSPICIOUS_MOVE = YES;
				CLANG_WARN_UNGUARDED_AVAILABILITY = YES_AGGRESSIVE;
				CLANG_WARN_UNREACHABLE_CODE = YES;
				CLANG_WARN__DUPLICATE_METHOD_MATCH = YES;
				COPY_PHASE_STRIP = NO;
				DEBUG_INFORMATION_FORMAT = dwarf;
				ENABLE_STRICT_OBJC_MSGSEND = YES;
				ENABLE_TESTABILITY = YES;
				GCC_C_LANGUAGE_STANDARD = gnu11;
				GCC_DYNAMIC_NO_PIC = NO;
				GCC_NO_COMMON_BLOCKS = YES;
				GCC_OPTIMIZATION_LEVEL = 0;
				GCC_PREPROCESSOR_DEFINITIONS = (
					"DEBUG=1",
					"$(inherited)",
				);
				GCC_WARN_64_TO_32_BIT_CONVERSION = YES;
				GCC_WARN_ABOUT_RETURN_TYPE = YES_ERROR;
				GCC_WARN_UNDECLARED_SELECTOR = YES;
				GCC_WARN_UNINITIALIZED_AUTOS = YES_AGGRESSIVE;
				GCC_WARN_UNUSED_FUNCTION = YES;
				GCC_WARN_UNUSED_VARIABLE = YES;
				IPHONEOS_DEPLOYMENT_TARGET = 16.2;
				MTL_ENABLE_DEBUG_INFO = INCLUDE_SOURCE;
				MTL_FAST_MATH = YES;
				ONLY_ACTIVE_ARCH = YES;
				SDKROOT = iphoneos;
				SWIFT_ACTIVE_COMPILATION_CONDITIONS = DEBUG;
				SWIFT_OPTIMIZATION_LEVEL = "-Onone";
			};
			name = Debug;
		};
		BFE361E229A1F6F200FA0F11 /* Release */ = {
			isa = XCBuildConfiguration;
			buildSettings = {
				ALWAYS_SEARCH_USER_PATHS = NO;
				CLANG_ANALYZER_NONNULL = YES;
				CLANG_ANALYZER_NUMBER_OBJECT_CONVERSION = YES_AGGRESSIVE;
				CLANG_CXX_LANGUAGE_STANDARD = "gnu++20";
				CLANG_ENABLE_MODULES = YES;
				CLANG_ENABLE_OBJC_ARC = YES;
				CLANG_ENABLE_OBJC_WEAK = YES;
				CLANG_WARN_BLOCK_CAPTURE_AUTORELEASING = YES;
				CLANG_WARN_BOOL_CONVERSION = YES;
				CLANG_WARN_COMMA = YES;
				CLANG_WARN_CONSTANT_CONVERSION = YES;
				CLANG_WARN_DEPRECATED_OBJC_IMPLEMENTATIONS = YES;
				CLANG_WARN_DIRECT_OBJC_ISA_USAGE = YES_ERROR;
				CLANG_WARN_DOCUMENTATION_COMMENTS = YES;
				CLANG_WARN_EMPTY_BODY = YES;
				CLANG_WARN_ENUM_CONVERSION = YES;
				CLANG_WARN_INFINITE_RECURSION = YES;
				CLANG_WARN_INT_CONVERSION = YES;
				CLANG_WARN_NON_LITERAL_NULL_CONVERSION = YES;
				CLANG_WARN_OBJC_IMPLICIT_RETAIN_SELF = YES;
				CLANG_WARN_OBJC_LITERAL_CONVERSION = YES;
				CLANG_WARN_OBJC_ROOT_CLASS = YES_ERROR;
				CLANG_WARN_QUOTED_INCLUDE_IN_FRAMEWORK_HEADER = YES;
				CLANG_WARN_RANGE_LOOP_ANALYSIS = YES;
				CLANG_WARN_STRICT_PROTOTYPES = YES;
				CLANG_WARN_SUSPICIOUS_MOVE = YES;
				CLANG_WARN_UNGUARDED_AVAILABILITY = YES_AGGRESSIVE;
				CLANG_WARN_UNREACHABLE_CODE = YES;
				CLANG_WARN__DUPLICATE_METHOD_MATCH = YES;
				COPY_PHASE_STRIP = NO;
				DEBUG_INFORMATION_FORMAT = "dwarf-with-dsym";
				ENABLE_NS_ASSERTIONS = NO;
				ENABLE_STRICT_OBJC_MSGSEND = YES;
				GCC_C_LANGUAGE_STANDARD = gnu11;
				GCC_NO_COMMON_BLOCKS = YES;
				GCC_WARN_64_TO_32_BIT_CONVERSION = YES;
				GCC_WARN_ABOUT_RETURN_TYPE = YES_ERROR;
				GCC_WARN_UNDECLARED_SELECTOR = YES;
				GCC_WARN_UNINITIALIZED_AUTOS = YES_AGGRESSIVE;
				GCC_WARN_UNUSED_FUNCTION = YES;
				GCC_WARN_UNUSED_VARIABLE = YES;
				IPHONEOS_DEPLOYMENT_TARGET = 16.2;
				MTL_ENABLE_DEBUG_INFO = NO;
				MTL_FAST_MATH = YES;
				SDKROOT = iphoneos;
				SWIFT_COMPILATION_MODE = wholemodule;
				SWIFT_OPTIMIZATION_LEVEL = "-O";
				VALIDATE_PRODUCT = YES;
			};
			name = Release;
		};
		BFE361E429A1F6F200FA0F11 /* Debug */ = {
			isa = XCBuildConfiguration;
			baseConfigurationReference = B36A7539BC0DC746A09FF449 /* Pods-BanTaxi.debug.xcconfig */;
			buildSettings = {
				ASSETCATALOG_COMPILER_APPICON_NAME = AppIcon;
				ASSETCATALOG_COMPILER_GLOBAL_ACCENT_COLOR_NAME = AccentColor;
				CODE_SIGN_STYLE = Automatic;
				CURRENT_PROJECT_VERSION = 1;
				DEVELOPMENT_TEAM = KB3R84Q4BQ;
				GENERATE_INFOPLIST_FILE = YES;
				INFOPLIST_FILE = BanTaxi/Info.plist;
				INFOPLIST_KEY_UIApplicationSupportsIndirectInputEvents = YES;
				INFOPLIST_KEY_UILaunchStoryboardName = "Launch Screen";
				INFOPLIST_KEY_UIRequiresFullScreen = YES;
				INFOPLIST_KEY_UIStatusBarStyle = UIStatusBarStyleDarkContent;
				INFOPLIST_KEY_UISupportedInterfaceOrientations = UIInterfaceOrientationPortrait;
				INFOPLIST_KEY_UISupportedInterfaceOrientations_iPad = "UIInterfaceOrientationLandscapeLeft UIInterfaceOrientationLandscapeRight UIInterfaceOrientationPortrait UIInterfaceOrientationPortraitUpsideDown";
				LD_RUNPATH_SEARCH_PATHS = (
					"$(inherited)",
					"@executable_path/Frameworks",
				);
				MARKETING_VERSION = 1.0;
				PRODUCT_BUNDLE_IDENTIFIER = com.github.suneom.BanTaxi;
				PRODUCT_NAME = "$(TARGET_NAME)";
				SWIFT_EMIT_LOC_STRINGS = YES;
				SWIFT_VERSION = 5.0;
				TARGETED_DEVICE_FAMILY = "1,2";
			};
			name = Debug;
		};
		BFE361E529A1F6F200FA0F11 /* Release */ = {
			isa = XCBuildConfiguration;
			baseConfigurationReference = C5190DF9A2A5F3990F31C8F0 /* Pods-BanTaxi.release.xcconfig */;
			buildSettings = {
				ASSETCATALOG_COMPILER_APPICON_NAME = AppIcon;
				ASSETCATALOG_COMPILER_GLOBAL_ACCENT_COLOR_NAME = AccentColor;
				CODE_SIGN_STYLE = Automatic;
				CURRENT_PROJECT_VERSION = 1;
				DEVELOPMENT_TEAM = KB3R84Q4BQ;
				GENERATE_INFOPLIST_FILE = YES;
				INFOPLIST_FILE = BanTaxi/Info.plist;
				INFOPLIST_KEY_UIApplicationSupportsIndirectInputEvents = YES;
				INFOPLIST_KEY_UILaunchStoryboardName = "Launch Screen";
				INFOPLIST_KEY_UIRequiresFullScreen = YES;
				INFOPLIST_KEY_UIStatusBarStyle = UIStatusBarStyleDarkContent;
				INFOPLIST_KEY_UISupportedInterfaceOrientations = UIInterfaceOrientationPortrait;
				INFOPLIST_KEY_UISupportedInterfaceOrientations_iPad = "UIInterfaceOrientationLandscapeLeft UIInterfaceOrientationLandscapeRight UIInterfaceOrientationPortrait UIInterfaceOrientationPortraitUpsideDown";
				LD_RUNPATH_SEARCH_PATHS = (
					"$(inherited)",
					"@executable_path/Frameworks",
				);
				MARKETING_VERSION = 1.0;
				PRODUCT_BUNDLE_IDENTIFIER = com.github.suneom.BanTaxi;
				PRODUCT_NAME = "$(TARGET_NAME)";
				SWIFT_EMIT_LOC_STRINGS = YES;
				SWIFT_VERSION = 5.0;
				TARGETED_DEVICE_FAMILY = "1,2";
			};
			name = Release;
		};
/* End XCBuildConfiguration section */

/* Begin XCConfigurationList section */
		BFE361CA29A1F6F200FA0F11 /* Build configuration list for PBXProject "BanTaxi" */ = {
			isa = XCConfigurationList;
			buildConfigurations = (
				BFE361E129A1F6F200FA0F11 /* Debug */,
				BFE361E229A1F6F200FA0F11 /* Release */,
			);
			defaultConfigurationIsVisible = 0;
			defaultConfigurationName = Release;
		};
		BFE361E329A1F6F200FA0F11 /* Build configuration list for PBXNativeTarget "BanTaxi" */ = {
			isa = XCConfigurationList;
			buildConfigurations = (
				BFE361E429A1F6F200FA0F11 /* Debug */,
				BFE361E529A1F6F200FA0F11 /* Release */,
			);
			defaultConfigurationIsVisible = 0;
			defaultConfigurationName = Release;
		};
/* End XCConfigurationList section */
	};
	rootObject = BFE361C729A1F6F200FA0F11 /* Project object */;
}
