// !$*UTF8*$!
{
	archiveVersion = 1;
	classes = {
	};
	objectVersion = 56;
	objects = {

/* Begin PBXBuildFile section */
		BF23DAB929AF0906002F7995 /* UserManager.swift in Sources */ = {isa = PBXBuildFile; fileRef = BF23DAB829AF0906002F7995 /* UserManager.swift */; };
		BF23DABD29B09340002F7995 /* User.swift in Sources */ = {isa = PBXBuildFile; fileRef = BF23DABC29B09340002F7995 /* User.swift */; };
		BF23DAC129B096D5002F7995 /* StartViewModel.swift in Sources */ = {isa = PBXBuildFile; fileRef = BF23DAC029B096D5002F7995 /* StartViewModel.swift */; };
		BF23DAC329B099F6002F7995 /* LoginRepository.swift in Sources */ = {isa = PBXBuildFile; fileRef = BF23DAC229B099F6002F7995 /* LoginRepository.swift */; };
		BF44118829A21DFE00A55F27 /* RequestResult.swift in Sources */ = {isa = PBXBuildFile; fileRef = BF44118729A21DFE00A55F27 /* RequestResult.swift */; };
		BF4718F729A35BF500A64225 /* LocationSelectViewController.swift in Sources */ = {isa = PBXBuildFile; fileRef = BF4718F629A35BF500A64225 /* LocationSelectViewController.swift */; };
		BF4718F929A35BFD00A64225 /* LocationSelectViewModel.swift in Sources */ = {isa = PBXBuildFile; fileRef = BF4718F829A35BFD00A64225 /* LocationSelectViewModel.swift */; };
		BF47192129A3601300A64225 /* map_pinup_custom@3x.png in Resources */ = {isa = PBXBuildFile; fileRef = BF4718FC29A3601300A64225 /* map_pinup_custom@3x.png */; };
		BF47192229A3601300A64225 /* map_pin_custom.png in Resources */ = {isa = PBXBuildFile; fileRef = BF4718FD29A3601300A64225 /* map_pin_custom.png */; };
		BF47192329A3601300A64225 /* shadow_balloon.png in Resources */ = {isa = PBXBuildFile; fileRef = BF4718FE29A3601300A64225 /* shadow_balloon.png */; };
		BF47192429A3601300A64225 /* map_pinup.png in Resources */ = {isa = PBXBuildFile; fileRef = BF4718FF29A3601300A64225 /* map_pinup.png */; };
		BF47192529A3601300A64225 /* detail_button.png in Resources */ = {isa = PBXBuildFile; fileRef = BF47190029A3601300A64225 /* detail_button.png */; };
		BF47192629A3601300A64225 /* map_pin_custom@3x.png in Resources */ = {isa = PBXBuildFile; fileRef = BF47190129A3601300A64225 /* map_pin_custom@3x.png */; };
		BF47192729A3601300A64225 /* map_pinup@3x.png in Resources */ = {isa = PBXBuildFile; fileRef = BF47190229A3601300A64225 /* map_pinup@3x.png */; };
		BF47192829A3601300A64225 /* map_pin_shadow@3x.png in Resources */ = {isa = PBXBuildFile; fileRef = BF47190329A3601300A64225 /* map_pin_shadow@3x.png */; };
		BF47192929A3601300A64225 /* copyright.png in Resources */ = {isa = PBXBuildFile; fileRef = BF47190429A3601300A64225 /* copyright.png */; };
		BF47192A29A3601300A64225 /* th_line.png in Resources */ = {isa = PBXBuildFile; fileRef = BF47190529A3601300A64225 /* th_line.png */; };
		BF47192B29A3601300A64225 /* map_pin_red@3x.png in Resources */ = {isa = PBXBuildFile; fileRef = BF47190629A3601300A64225 /* map_pin_red@3x.png */; };
		BF47192C29A3601300A64225 /* daum_copyright.png in Resources */ = {isa = PBXBuildFile; fileRef = BF47190729A3601300A64225 /* daum_copyright.png */; };
		BF47192D29A3601300A64225 /* map_pin@3x.png in Resources */ = {isa = PBXBuildFile; fileRef = BF47190829A3601300A64225 /* map_pin@3x.png */; };
		BF47192E29A3601300A64225 /* map_present_tracking.png in Resources */ = {isa = PBXBuildFile; fileRef = BF47190929A3601300A64225 /* map_present_tracking.png */; };
		BF47192F29A3601300A64225 /* map_pin_red.png in Resources */ = {isa = PBXBuildFile; fileRef = BF47190A29A3601300A64225 /* map_pin_red.png */; };
		BF47193029A3601300A64225 /* info_box.png in Resources */ = {isa = PBXBuildFile; fileRef = BF47191429A3601300A64225 /* info_box.png */; };
		BF47193129A3601300A64225 /* point_sprite.png in Resources */ = {isa = PBXBuildFile; fileRef = BF47191529A3601300A64225 /* point_sprite.png */; };
		BF47193229A3601300A64225 /* map_pinup_custom.png in Resources */ = {isa = PBXBuildFile; fileRef = BF47191629A3601300A64225 /* map_pinup_custom.png */; };
		BF47193329A3601300A64225 /* info_box_tail.png in Resources */ = {isa = PBXBuildFile; fileRef = BF47191729A3601300A64225 /* info_box_tail.png */; };
		BF47193429A3601300A64225 /* noimage256.png in Resources */ = {isa = PBXBuildFile; fileRef = BF47191829A3601300A64225 /* noimage256.png */; };
		BF47193529A3601300A64225 /* map_present_direction.png in Resources */ = {isa = PBXBuildFile; fileRef = BF47191929A3601300A64225 /* map_present_direction.png */; };
		BF47193629A3601300A64225 /* map_pin.png in Resources */ = {isa = PBXBuildFile; fileRef = BF47191A29A3601300A64225 /* map_pin.png */; };
		BF47193729A3601300A64225 /* map_present.png in Resources */ = {isa = PBXBuildFile; fileRef = BF47191B29A3601300A64225 /* map_present.png */; };
		BF47193829A3601300A64225 /* noimage.png in Resources */ = {isa = PBXBuildFile; fileRef = BF47191C29A3601300A64225 /* noimage.png */; };
		BF47193929A3601300A64225 /* map_present_background_update.png in Resources */ = {isa = PBXBuildFile; fileRef = BF47191D29A3601300A64225 /* map_present_background_update.png */; };
		BF47193A29A3601300A64225 /* daum_th_line.png in Resources */ = {isa = PBXBuildFile; fileRef = BF47191E29A3601300A64225 /* daum_th_line.png */; };
		BF47193B29A3601300A64225 /* map_pin_shadow.png in Resources */ = {isa = PBXBuildFile; fileRef = BF47191F29A3601300A64225 /* map_pin_shadow.png */; };
		BF47193C29A3601300A64225 /* DaumMap.framework in Frameworks */ = {isa = PBXBuildFile; fileRef = BF47192029A3601300A64225 /* DaumMap.framework */; };
		BF47193E29A3602C00A64225 /* OpenGLES.framework in Frameworks */ = {isa = PBXBuildFile; fileRef = BF47193D29A3602C00A64225 /* OpenGLES.framework */; };
		BF47194029A3603E00A64225 /* SystemConfiguration.framework in Frameworks */ = {isa = PBXBuildFile; fileRef = BF47193F29A3603E00A64225 /* SystemConfiguration.framework */; };
		BF47194229A3604600A64225 /* CoreLocation.framework in Frameworks */ = {isa = PBXBuildFile; fileRef = BF47194129A3604600A64225 /* CoreLocation.framework */; };
		BF47194429A3604E00A64225 /* QuartzCore.framework in Frameworks */ = {isa = PBXBuildFile; fileRef = BF47194329A3604E00A64225 /* QuartzCore.framework */; };
		BF47194A29A3CAC500A64225 /* API-Key.plist in Resources */ = {isa = PBXBuildFile; fileRef = BF47194929A3CAC500A64225 /* API-Key.plist */; };
		BF47194D29A3CAFB00A64225 /* API.swift in Sources */ = {isa = PBXBuildFile; fileRef = BF47194C29A3CAFB00A64225 /* API.swift */; };
		BF47195229A5A6E000A64225 /* MainViewController.swift in Sources */ = {isa = PBXBuildFile; fileRef = BF47195129A5A6E000A64225 /* MainViewController.swift */; };
		BF47195429A5A6E700A64225 /* MainViewModel.swift in Sources */ = {isa = PBXBuildFile; fileRef = BF47195329A5A6E700A64225 /* MainViewModel.swift */; };
		BF47195F29A856AA00A64225 /* NewGroupViewController.swift in Sources */ = {isa = PBXBuildFile; fileRef = BF47195E29A856AA00A64225 /* NewGroupViewController.swift */; };
		BF47196129A856DD00A64225 /* NewGroupViewModel.swift in Sources */ = {isa = PBXBuildFile; fileRef = BF47196029A856DD00A64225 /* NewGroupViewModel.swift */; };
		BF47196329A8871700A64225 /* UIView.swift in Sources */ = {isa = PBXBuildFile; fileRef = BF47196229A8871700A64225 /* UIView.swift */; };
		BF47196629A9C9A900A64225 /* AddressSearchViewModel.swift in Sources */ = {isa = PBXBuildFile; fileRef = BF47196529A9C9A900A64225 /* AddressSearchViewModel.swift */; };
		BF47196829A9C9C100A64225 /* AddressSearchViewController.swift in Sources */ = {isa = PBXBuildFile; fileRef = BF47196729A9C9C100A64225 /* AddressSearchViewController.swift */; };
		BF47196A29AB26DC00A64225 /* AddressData.swift in Sources */ = {isa = PBXBuildFile; fileRef = BF47196929AB26DC00A64225 /* AddressData.swift */; };
		BF47196C29AB2F6100A64225 /* AddressSearchViewCell.swift in Sources */ = {isa = PBXBuildFile; fileRef = BF47196B29AB2F6100A64225 /* AddressSearchViewCell.swift */; };
		BF47196E29AB2F7B00A64225 /* AddressSearchCellViewModel.swift in Sources */ = {isa = PBXBuildFile; fileRef = BF47196D29AB2F7B00A64225 /* AddressSearchCellViewModel.swift */; };
		BF47197029AB30B100A64225 /* Constant.swift in Sources */ = {isa = PBXBuildFile; fileRef = BF47196F29AB30B100A64225 /* Constant.swift */; };
		BF47197229ABC77200A64225 /* LocationSettingMode.swift in Sources */ = {isa = PBXBuildFile; fileRef = BF47197129ABC77200A64225 /* LocationSettingMode.swift */; };
		BF47197729AC422500A64225 /* AddressRepository.swift in Sources */ = {isa = PBXBuildFile; fileRef = BF47197629AC422500A64225 /* AddressRepository.swift */; };
		BF47197A29AC426A00A64225 /* AddressNetwork.swift in Sources */ = {isa = PBXBuildFile; fileRef = BF47197929AC426A00A64225 /* AddressNetwork.swift */; };
		BF47198029AC7E3400A64225 /* SearchViewModel.swift in Sources */ = {isa = PBXBuildFile; fileRef = BF47197F29AC7E3400A64225 /* SearchViewModel.swift */; };
		BF47198229AC7E5200A64225 /* SearchViewController.swift in Sources */ = {isa = PBXBuildFile; fileRef = BF47198129AC7E5200A64225 /* SearchViewController.swift */; };
		BF47198429AC882900A64225 /* UITextField.swift in Sources */ = {isa = PBXBuildFile; fileRef = BF47198329AC882900A64225 /* UITextField.swift */; };
		BF47198629AD8A9E00A64225 /* NewGroupRepository.swift in Sources */ = {isa = PBXBuildFile; fileRef = BF47198529AD8A9E00A64225 /* NewGroupRepository.swift */; };
		BF47198829AD8AD100A64225 /* GroupInfo.swift in Sources */ = {isa = PBXBuildFile; fileRef = BF47198729AD8AD100A64225 /* GroupInfo.swift */; };
		BF47198A29AD8D7A00A64225 /* NewGroupNetwork.swift in Sources */ = {isa = PBXBuildFile; fileRef = BF47198929AD8D7A00A64225 /* NewGroupNetwork.swift */; };
		BFBC461729A2014400CB3E0F /* GoogleService-Info.plist in Resources */ = {isa = PBXBuildFile; fileRef = BFBC461629A2014400CB3E0F /* GoogleService-Info.plist */; };
		BFE361D329A1F6F200FA0F11 /* AppDelegate.swift in Sources */ = {isa = PBXBuildFile; fileRef = BFE361D229A1F6F200FA0F11 /* AppDelegate.swift */; };
		BFE361D529A1F6F200FA0F11 /* SceneDelegate.swift in Sources */ = {isa = PBXBuildFile; fileRef = BFE361D429A1F6F200FA0F11 /* SceneDelegate.swift */; };
		BFE361DC29A1F6F200FA0F11 /* Assets.xcassets in Resources */ = {isa = PBXBuildFile; fileRef = BFE361DB29A1F6F200FA0F11 /* Assets.xcassets */; };
		BFE361F429A1F94B00FA0F11 /* StartViewController.swift in Sources */ = {isa = PBXBuildFile; fileRef = BFE361F329A1F94B00FA0F11 /* StartViewController.swift */; };
		BFE361F729A1FB3800FA0F11 /* LoginViewController.swift in Sources */ = {isa = PBXBuildFile; fileRef = BFE361F629A1FB3800FA0F11 /* LoginViewController.swift */; };
		BFE361F929A1FB3D00FA0F11 /* LoginViewModel.swift in Sources */ = {isa = PBXBuildFile; fileRef = BFE361F829A1FB3D00FA0F11 /* LoginViewModel.swift */; };
		BFE361FB29A1FED000FA0F11 /* Launch Screen.storyboard in Resources */ = {isa = PBXBuildFile; fileRef = BFE361FA29A1FED000FA0F11 /* Launch Screen.storyboard */; };
		C0FA2E24A80F5F325DDF804F /* Pods_BanTaxi.framework in Frameworks */ = {isa = PBXBuildFile; fileRef = 040B15DF90100D48B261E40C /* Pods_BanTaxi.framework */; };
/* End PBXBuildFile section */

/* Begin PBXFileReference section */
		040B15DF90100D48B261E40C /* Pods_BanTaxi.framework */ = {isa = PBXFileReference; explicitFileType = wrapper.framework; includeInIndex = 0; path = Pods_BanTaxi.framework; sourceTree = BUILT_PRODUCTS_DIR; };
		B36A7539BC0DC746A09FF449 /* Pods-BanTaxi.debug.xcconfig */ = {isa = PBXFileReference; includeInIndex = 1; lastKnownFileType = text.xcconfig; name = "Pods-BanTaxi.debug.xcconfig"; path = "Target Support Files/Pods-BanTaxi/Pods-BanTaxi.debug.xcconfig"; sourceTree = "<group>"; };
		BF23DAB829AF0906002F7995 /* UserManager.swift */ = {isa = PBXFileReference; lastKnownFileType = sourcecode.swift; path = UserManager.swift; sourceTree = "<group>"; };
		BF23DABC29B09340002F7995 /* User.swift */ = {isa = PBXFileReference; lastKnownFileType = sourcecode.swift; path = User.swift; sourceTree = "<group>"; };
		BF23DAC029B096D5002F7995 /* StartViewModel.swift */ = {isa = PBXFileReference; lastKnownFileType = sourcecode.swift; path = StartViewModel.swift; sourceTree = "<group>"; };
		BF23DAC229B099F6002F7995 /* LoginRepository.swift */ = {isa = PBXFileReference; lastKnownFileType = sourcecode.swift; path = LoginRepository.swift; sourceTree = "<group>"; };
		BF44118729A21DFE00A55F27 /* RequestResult.swift */ = {isa = PBXFileReference; lastKnownFileType = sourcecode.swift; path = RequestResult.swift; sourceTree = "<group>"; };
		BF4718F429A33ED500A64225 /* BanTaxi.entitlements */ = {isa = PBXFileReference; lastKnownFileType = text.plist.entitlements; path = BanTaxi.entitlements; sourceTree = "<group>"; };
		BF4718F629A35BF500A64225 /* LocationSelectViewController.swift */ = {isa = PBXFileReference; lastKnownFileType = sourcecode.swift; path = LocationSelectViewController.swift; sourceTree = "<group>"; };
		BF4718F829A35BFD00A64225 /* LocationSelectViewModel.swift */ = {isa = PBXFileReference; lastKnownFileType = sourcecode.swift; path = LocationSelectViewModel.swift; sourceTree = "<group>"; };
		BF4718FC29A3601300A64225 /* map_pinup_custom@3x.png */ = {isa = PBXFileReference; lastKnownFileType = image.png; path = "map_pinup_custom@3x.png"; sourceTree = "<group>"; };
		BF4718FD29A3601300A64225 /* map_pin_custom.png */ = {isa = PBXFileReference; lastKnownFileType = image.png; path = map_pin_custom.png; sourceTree = "<group>"; };
		BF4718FE29A3601300A64225 /* shadow_balloon.png */ = {isa = PBXFileReference; lastKnownFileType = image.png; path = shadow_balloon.png; sourceTree = "<group>"; };
		BF4718FF29A3601300A64225 /* map_pinup.png */ = {isa = PBXFileReference; lastKnownFileType = image.png; path = map_pinup.png; sourceTree = "<group>"; };
		BF47190029A3601300A64225 /* detail_button.png */ = {isa = PBXFileReference; lastKnownFileType = image.png; path = detail_button.png; sourceTree = "<group>"; };
		BF47190129A3601300A64225 /* map_pin_custom@3x.png */ = {isa = PBXFileReference; lastKnownFileType = image.png; path = "map_pin_custom@3x.png"; sourceTree = "<group>"; };
		BF47190229A3601300A64225 /* map_pinup@3x.png */ = {isa = PBXFileReference; lastKnownFileType = image.png; path = "map_pinup@3x.png"; sourceTree = "<group>"; };
		BF47190329A3601300A64225 /* map_pin_shadow@3x.png */ = {isa = PBXFileReference; lastKnownFileType = image.png; path = "map_pin_shadow@3x.png"; sourceTree = "<group>"; };
		BF47190429A3601300A64225 /* copyright.png */ = {isa = PBXFileReference; lastKnownFileType = image.png; path = copyright.png; sourceTree = "<group>"; };
		BF47190529A3601300A64225 /* th_line.png */ = {isa = PBXFileReference; lastKnownFileType = image.png; path = th_line.png; sourceTree = "<group>"; };
		BF47190629A3601300A64225 /* map_pin_red@3x.png */ = {isa = PBXFileReference; lastKnownFileType = image.png; path = "map_pin_red@3x.png"; sourceTree = "<group>"; };
		BF47190729A3601300A64225 /* daum_copyright.png */ = {isa = PBXFileReference; lastKnownFileType = image.png; path = daum_copyright.png; sourceTree = "<group>"; };
		BF47190829A3601300A64225 /* map_pin@3x.png */ = {isa = PBXFileReference; lastKnownFileType = image.png; path = "map_pin@3x.png"; sourceTree = "<group>"; };
		BF47190929A3601300A64225 /* map_present_tracking.png */ = {isa = PBXFileReference; lastKnownFileType = image.png; path = map_present_tracking.png; sourceTree = "<group>"; };
		BF47190A29A3601300A64225 /* map_pin_red.png */ = {isa = PBXFileReference; lastKnownFileType = image.png; path = map_pin_red.png; sourceTree = "<group>"; };
		BF47190C29A3601300A64225 /* MTMapPOIItem.h */ = {isa = PBXFileReference; fileEncoding = 4; lastKnownFileType = sourcecode.c.h; path = MTMapPOIItem.h; sourceTree = "<group>"; };
		BF47190D29A3601300A64225 /* MTMapCameraUpdate.h */ = {isa = PBXFileReference; fileEncoding = 4; lastKnownFileType = sourcecode.c.h; path = MTMapCameraUpdate.h; sourceTree = "<group>"; };
		BF47190E29A3601300A64225 /* MTMapReverseGeoCoder.h */ = {isa = PBXFileReference; fileEncoding = 4; lastKnownFileType = sourcecode.c.h; path = MTMapReverseGeoCoder.h; sourceTree = "<group>"; };
		BF47190F29A3601300A64225 /* MTMapPolyline.h */ = {isa = PBXFileReference; fileEncoding = 4; lastKnownFileType = sourcecode.c.h; path = MTMapPolyline.h; sourceTree = "<group>"; };
		BF47191029A3601300A64225 /* MTMapLocationMarkerItem.h */ = {isa = PBXFileReference; fileEncoding = 4; lastKnownFileType = sourcecode.c.h; path = MTMapLocationMarkerItem.h; sourceTree = "<group>"; };
		BF47191129A3601300A64225 /* MTMapView.h */ = {isa = PBXFileReference; fileEncoding = 4; lastKnownFileType = sourcecode.c.h; path = MTMapView.h; sourceTree = "<group>"; };
		BF47191229A3601300A64225 /* MTMapGeometry.h */ = {isa = PBXFileReference; fileEncoding = 4; lastKnownFileType = sourcecode.c.h; path = MTMapGeometry.h; sourceTree = "<group>"; };
		BF47191329A3601300A64225 /* MTMapCircle.h */ = {isa = PBXFileReference; fileEncoding = 4; lastKnownFileType = sourcecode.c.h; path = MTMapCircle.h; sourceTree = "<group>"; };
		BF47191429A3601300A64225 /* info_box.png */ = {isa = PBXFileReference; lastKnownFileType = image.png; path = info_box.png; sourceTree = "<group>"; };
		BF47191529A3601300A64225 /* point_sprite.png */ = {isa = PBXFileReference; lastKnownFileType = image.png; path = point_sprite.png; sourceTree = "<group>"; };
		BF47191629A3601300A64225 /* map_pinup_custom.png */ = {isa = PBXFileReference; lastKnownFileType = image.png; path = map_pinup_custom.png; sourceTree = "<group>"; };
		BF47191729A3601300A64225 /* info_box_tail.png */ = {isa = PBXFileReference; lastKnownFileType = image.png; path = info_box_tail.png; sourceTree = "<group>"; };
		BF47191829A3601300A64225 /* noimage256.png */ = {isa = PBXFileReference; lastKnownFileType = image.png; path = noimage256.png; sourceTree = "<group>"; };
		BF47191929A3601300A64225 /* map_present_direction.png */ = {isa = PBXFileReference; lastKnownFileType = image.png; path = map_present_direction.png; sourceTree = "<group>"; };
		BF47191A29A3601300A64225 /* map_pin.png */ = {isa = PBXFileReference; lastKnownFileType = image.png; path = map_pin.png; sourceTree = "<group>"; };
		BF47191B29A3601300A64225 /* map_present.png */ = {isa = PBXFileReference; lastKnownFileType = image.png; path = map_present.png; sourceTree = "<group>"; };
		BF47191C29A3601300A64225 /* noimage.png */ = {isa = PBXFileReference; lastKnownFileType = image.png; path = noimage.png; sourceTree = "<group>"; };
		BF47191D29A3601300A64225 /* map_present_background_update.png */ = {isa = PBXFileReference; lastKnownFileType = image.png; path = map_present_background_update.png; sourceTree = "<group>"; };
		BF47191E29A3601300A64225 /* daum_th_line.png */ = {isa = PBXFileReference; lastKnownFileType = image.png; path = daum_th_line.png; sourceTree = "<group>"; };
		BF47191F29A3601300A64225 /* map_pin_shadow.png */ = {isa = PBXFileReference; lastKnownFileType = image.png; path = map_pin_shadow.png; sourceTree = "<group>"; };
		BF47192029A3601300A64225 /* DaumMap.framework */ = {isa = PBXFileReference; lastKnownFileType = wrapper.framework; path = DaumMap.framework; sourceTree = "<group>"; };
		BF47193D29A3602C00A64225 /* OpenGLES.framework */ = {isa = PBXFileReference; lastKnownFileType = wrapper.framework; name = OpenGLES.framework; path = System/Library/Frameworks/OpenGLES.framework; sourceTree = SDKROOT; };
		BF47193F29A3603E00A64225 /* SystemConfiguration.framework */ = {isa = PBXFileReference; lastKnownFileType = wrapper.framework; name = SystemConfiguration.framework; path = System/Library/Frameworks/SystemConfiguration.framework; sourceTree = SDKROOT; };
		BF47194129A3604600A64225 /* CoreLocation.framework */ = {isa = PBXFileReference; lastKnownFileType = wrapper.framework; name = CoreLocation.framework; path = System/Library/Frameworks/CoreLocation.framework; sourceTree = SDKROOT; };
		BF47194329A3604E00A64225 /* QuartzCore.framework */ = {isa = PBXFileReference; lastKnownFileType = wrapper.framework; name = QuartzCore.framework; path = System/Library/Frameworks/QuartzCore.framework; sourceTree = SDKROOT; };
		BF47194529A3605A00A64225 /* libc++.tbd */ = {isa = PBXFileReference; lastKnownFileType = "sourcecode.text-based-dylib-definition"; name = "libc++.tbd"; path = "usr/lib/libc++.tbd"; sourceTree = SDKROOT; };
		BF47194629A3606400A64225 /* libxml2.tbd */ = {isa = PBXFileReference; lastKnownFileType = "sourcecode.text-based-dylib-definition"; name = libxml2.tbd; path = usr/lib/libxml2.tbd; sourceTree = SDKROOT; };
		BF47194729A3606E00A64225 /* libsqlite3.tbd */ = {isa = PBXFileReference; lastKnownFileType = "sourcecode.text-based-dylib-definition"; name = libsqlite3.tbd; path = usr/lib/libsqlite3.tbd; sourceTree = SDKROOT; };
		BF47194829A361F600A64225 /* BridgingHeader.h */ = {isa = PBXFileReference; lastKnownFileType = sourcecode.c.h; path = BridgingHeader.h; sourceTree = "<group>"; };
		BF47194929A3CAC500A64225 /* API-Key.plist */ = {isa = PBXFileReference; lastKnownFileType = text.plist.xml; path = "API-Key.plist"; sourceTree = "<group>"; };
		BF47194C29A3CAFB00A64225 /* API.swift */ = {isa = PBXFileReference; lastKnownFileType = sourcecode.swift; path = API.swift; sourceTree = "<group>"; };
		BF47195129A5A6E000A64225 /* MainViewController.swift */ = {isa = PBXFileReference; lastKnownFileType = sourcecode.swift; path = MainViewController.swift; sourceTree = "<group>"; };
		BF47195329A5A6E700A64225 /* MainViewModel.swift */ = {isa = PBXFileReference; lastKnownFileType = sourcecode.swift; path = MainViewModel.swift; sourceTree = "<group>"; };
		BF47195E29A856AA00A64225 /* NewGroupViewController.swift */ = {isa = PBXFileReference; lastKnownFileType = sourcecode.swift; path = NewGroupViewController.swift; sourceTree = "<group>"; };
		BF47196029A856DD00A64225 /* NewGroupViewModel.swift */ = {isa = PBXFileReference; lastKnownFileType = sourcecode.swift; path = NewGroupViewModel.swift; sourceTree = "<group>"; };
		BF47196229A8871700A64225 /* UIView.swift */ = {isa = PBXFileReference; lastKnownFileType = sourcecode.swift; path = UIView.swift; sourceTree = "<group>"; };
		BF47196529A9C9A900A64225 /* AddressSearchViewModel.swift */ = {isa = PBXFileReference; lastKnownFileType = sourcecode.swift; path = AddressSearchViewModel.swift; sourceTree = "<group>"; };
		BF47196729A9C9C100A64225 /* AddressSearchViewController.swift */ = {isa = PBXFileReference; lastKnownFileType = sourcecode.swift; path = AddressSearchViewController.swift; sourceTree = "<group>"; };
		BF47196929AB26DC00A64225 /* AddressData.swift */ = {isa = PBXFileReference; lastKnownFileType = sourcecode.swift; path = AddressData.swift; sourceTree = "<group>"; };
		BF47196B29AB2F6100A64225 /* AddressSearchViewCell.swift */ = {isa = PBXFileReference; lastKnownFileType = sourcecode.swift; path = AddressSearchViewCell.swift; sourceTree = "<group>"; };
		BF47196D29AB2F7B00A64225 /* AddressSearchCellViewModel.swift */ = {isa = PBXFileReference; lastKnownFileType = sourcecode.swift; path = AddressSearchCellViewModel.swift; sourceTree = "<group>"; };
		BF47196F29AB30B100A64225 /* Constant.swift */ = {isa = PBXFileReference; lastKnownFileType = sourcecode.swift; path = Constant.swift; sourceTree = "<group>"; };
		BF47197129ABC77200A64225 /* LocationSettingMode.swift */ = {isa = PBXFileReference; lastKnownFileType = sourcecode.swift; path = LocationSettingMode.swift; sourceTree = "<group>"; };
		BF47197629AC422500A64225 /* AddressRepository.swift */ = {isa = PBXFileReference; lastKnownFileType = sourcecode.swift; path = AddressRepository.swift; sourceTree = "<group>"; };
		BF47197929AC426A00A64225 /* AddressNetwork.swift */ = {isa = PBXFileReference; lastKnownFileType = sourcecode.swift; path = AddressNetwork.swift; sourceTree = "<group>"; };
		BF47197F29AC7E3400A64225 /* SearchViewModel.swift */ = {isa = PBXFileReference; lastKnownFileType = sourcecode.swift; path = SearchViewModel.swift; sourceTree = "<group>"; };
		BF47198129AC7E5200A64225 /* SearchViewController.swift */ = {isa = PBXFileReference; lastKnownFileType = sourcecode.swift; path = SearchViewController.swift; sourceTree = "<group>"; };
		BF47198329AC882900A64225 /* UITextField.swift */ = {isa = PBXFileReference; lastKnownFileType = sourcecode.swift; path = UITextField.swift; sourceTree = "<group>"; };
		BF47198529AD8A9E00A64225 /* NewGroupRepository.swift */ = {isa = PBXFileReference; lastKnownFileType = sourcecode.swift; path = NewGroupRepository.swift; sourceTree = "<group>"; };
		BF47198729AD8AD100A64225 /* GroupInfo.swift */ = {isa = PBXFileReference; lastKnownFileType = sourcecode.swift; path = GroupInfo.swift; sourceTree = "<group>"; };
		BF47198929AD8D7A00A64225 /* NewGroupNetwork.swift */ = {isa = PBXFileReference; lastKnownFileType = sourcecode.swift; path = NewGroupNetwork.swift; sourceTree = "<group>"; };
		BFBC461629A2014400CB3E0F /* GoogleService-Info.plist */ = {isa = PBXFileReference; fileEncoding = 4; lastKnownFileType = text.plist.xml; path = "GoogleService-Info.plist"; sourceTree = "<group>"; };
		BFE361CF29A1F6F200FA0F11 /* BanTaxi.app */ = {isa = PBXFileReference; explicitFileType = wrapper.application; includeInIndex = 0; path = BanTaxi.app; sourceTree = BUILT_PRODUCTS_DIR; };
		BFE361D229A1F6F200FA0F11 /* AppDelegate.swift */ = {isa = PBXFileReference; lastKnownFileType = sourcecode.swift; path = AppDelegate.swift; sourceTree = "<group>"; };
		BFE361D429A1F6F200FA0F11 /* SceneDelegate.swift */ = {isa = PBXFileReference; lastKnownFileType = sourcecode.swift; path = SceneDelegate.swift; sourceTree = "<group>"; };
		BFE361DB29A1F6F200FA0F11 /* Assets.xcassets */ = {isa = PBXFileReference; lastKnownFileType = folder.assetcatalog; path = Assets.xcassets; sourceTree = "<group>"; };
		BFE361E029A1F6F200FA0F11 /* Info.plist */ = {isa = PBXFileReference; lastKnownFileType = text.plist.xml; path = Info.plist; sourceTree = "<group>"; };
		BFE361F329A1F94B00FA0F11 /* StartViewController.swift */ = {isa = PBXFileReference; lastKnownFileType = sourcecode.swift; path = StartViewController.swift; sourceTree = "<group>"; };
		BFE361F629A1FB3800FA0F11 /* LoginViewController.swift */ = {isa = PBXFileReference; lastKnownFileType = sourcecode.swift; path = LoginViewController.swift; sourceTree = "<group>"; };
		BFE361F829A1FB3D00FA0F11 /* LoginViewModel.swift */ = {isa = PBXFileReference; lastKnownFileType = sourcecode.swift; path = LoginViewModel.swift; sourceTree = "<group>"; };
		BFE361FA29A1FED000FA0F11 /* Launch Screen.storyboard */ = {isa = PBXFileReference; lastKnownFileType = file.storyboard; path = "Launch Screen.storyboard"; sourceTree = "<group>"; };
		C5190DF9A2A5F3990F31C8F0 /* Pods-BanTaxi.release.xcconfig */ = {isa = PBXFileReference; includeInIndex = 1; lastKnownFileType = text.xcconfig; name = "Pods-BanTaxi.release.xcconfig"; path = "Target Support Files/Pods-BanTaxi/Pods-BanTaxi.release.xcconfig"; sourceTree = "<group>"; };
/* End PBXFileReference section */

/* Begin PBXFrameworksBuildPhase section */
		BFE361CC29A1F6F200FA0F11 /* Frameworks */ = {
			isa = PBXFrameworksBuildPhase;
			buildActionMask = 2147483647;
			files = (
				BF47193C29A3601300A64225 /* DaumMap.framework in Frameworks */,
				BF47194229A3604600A64225 /* CoreLocation.framework in Frameworks */,
				BF47194429A3604E00A64225 /* QuartzCore.framework in Frameworks */,
				C0FA2E24A80F5F325DDF804F /* Pods_BanTaxi.framework in Frameworks */,
				BF47194029A3603E00A64225 /* SystemConfiguration.framework in Frameworks */,
				BF47193E29A3602C00A64225 /* OpenGLES.framework in Frameworks */,
			);
			runOnlyForDeploymentPostprocessing = 0;
		};
/* End PBXFrameworksBuildPhase section */

/* Begin PBXGroup section */
		22BBDDB721C99B09776FDCE7 /* Pods */ = {
			isa = PBXGroup;
			children = (
				B36A7539BC0DC746A09FF449 /* Pods-BanTaxi.debug.xcconfig */,
				C5190DF9A2A5F3990F31C8F0 /* Pods-BanTaxi.release.xcconfig */,
			);
			path = Pods;
			sourceTree = "<group>";
		};
		ADEE4199E4C924C58D919B38 /* Frameworks */ = {
			isa = PBXGroup;
			children = (
				BF47194729A3606E00A64225 /* libsqlite3.tbd */,
				BF47194629A3606400A64225 /* libxml2.tbd */,
				BF47194529A3605A00A64225 /* libc++.tbd */,
				BF47194329A3604E00A64225 /* QuartzCore.framework */,
				BF47194129A3604600A64225 /* CoreLocation.framework */,
				BF47193F29A3603E00A64225 /* SystemConfiguration.framework */,
				BF47193D29A3602C00A64225 /* OpenGLES.framework */,
				BF4718FA29A3601300A64225 /* DaumMap.embeddedframework */,
				040B15DF90100D48B261E40C /* Pods_BanTaxi.framework */,
			);
			name = Frameworks;
			sourceTree = "<group>";
		};
		BF23DAB729AF08FE002F7995 /* User */ = {
			isa = PBXGroup;
			children = (
				BF23DAB829AF0906002F7995 /* UserManager.swift */,
			);
			path = User;
			sourceTree = "<group>";
		};
		BF44118629A21DF400A55F27 /* Entity */ = {
			isa = PBXGroup;
			children = (
				BF44118729A21DFE00A55F27 /* RequestResult.swift */,
				BF47196929AB26DC00A64225 /* AddressData.swift */,
				BF47197129ABC77200A64225 /* LocationSettingMode.swift */,
				BF47198729AD8AD100A64225 /* GroupInfo.swift */,
				BF23DABC29B09340002F7995 /* User.swift */,
			);
			path = Entity;
			sourceTree = "<group>";
		};
		BF4718F529A35BE600A64225 /* LocationSelect */ = {
			isa = PBXGroup;
			children = (
				BF4718F629A35BF500A64225 /* LocationSelectViewController.swift */,
				BF4718F829A35BFD00A64225 /* LocationSelectViewModel.swift */,
			);
			path = LocationSelect;
			sourceTree = "<group>";
		};
		BF4718FA29A3601300A64225 /* DaumMap.embeddedframework */ = {
			isa = PBXGroup;
			children = (
				BF4718FB29A3601300A64225 /* Resources */,
				BF47192029A3601300A64225 /* DaumMap.framework */,
			);
			path = DaumMap.embeddedframework;
			sourceTree = "<group>";
		};
		BF4718FB29A3601300A64225 /* Resources */ = {
			isa = PBXGroup;
			children = (
				BF4718FC29A3601300A64225 /* map_pinup_custom@3x.png */,
				BF4718FD29A3601300A64225 /* map_pin_custom.png */,
				BF4718FE29A3601300A64225 /* shadow_balloon.png */,
				BF4718FF29A3601300A64225 /* map_pinup.png */,
				BF47190029A3601300A64225 /* detail_button.png */,
				BF47190129A3601300A64225 /* map_pin_custom@3x.png */,
				BF47190229A3601300A64225 /* map_pinup@3x.png */,
				BF47190329A3601300A64225 /* map_pin_shadow@3x.png */,
				BF47190429A3601300A64225 /* copyright.png */,
				BF47190529A3601300A64225 /* th_line.png */,
				BF47190629A3601300A64225 /* map_pin_red@3x.png */,
				BF47190729A3601300A64225 /* daum_copyright.png */,
				BF47190829A3601300A64225 /* map_pin@3x.png */,
				BF47190929A3601300A64225 /* map_present_tracking.png */,
				BF47190A29A3601300A64225 /* map_pin_red.png */,
				BF47190B29A3601300A64225 /* Headers */,
				BF47191429A3601300A64225 /* info_box.png */,
				BF47191529A3601300A64225 /* point_sprite.png */,
				BF47191629A3601300A64225 /* map_pinup_custom.png */,
				BF47191729A3601300A64225 /* info_box_tail.png */,
				BF47191829A3601300A64225 /* noimage256.png */,
				BF47191929A3601300A64225 /* map_present_direction.png */,
				BF47191A29A3601300A64225 /* map_pin.png */,
				BF47191B29A3601300A64225 /* map_present.png */,
				BF47191C29A3601300A64225 /* noimage.png */,
				BF47191D29A3601300A64225 /* map_present_background_update.png */,
				BF47191E29A3601300A64225 /* daum_th_line.png */,
				BF47191F29A3601300A64225 /* map_pin_shadow.png */,
			);
			path = Resources;
			sourceTree = "<group>";
		};
		BF47190B29A3601300A64225 /* Headers */ = {
			isa = PBXGroup;
			children = (
				BF47190C29A3601300A64225 /* MTMapPOIItem.h */,
				BF47190D29A3601300A64225 /* MTMapCameraUpdate.h */,
				BF47190E29A3601300A64225 /* MTMapReverseGeoCoder.h */,
				BF47190F29A3601300A64225 /* MTMapPolyline.h */,
				BF47191029A3601300A64225 /* MTMapLocationMarkerItem.h */,
				BF47191129A3601300A64225 /* MTMapView.h */,
				BF47191229A3601300A64225 /* MTMapGeometry.h */,
				BF47191329A3601300A64225 /* MTMapCircle.h */,
			);
			path = Headers;
			sourceTree = "<group>";
		};
		BF47194B29A3CAEE00A64225 /* Util */ = {
			isa = PBXGroup;
			children = (
				BF47194C29A3CAFB00A64225 /* API.swift */,
				BF47196229A8871700A64225 /* UIView.swift */,
				BF47198329AC882900A64225 /* UITextField.swift */,
			);
			path = Util;
			sourceTree = "<group>";
		};
		BF47195029A5A6D900A64225 /* Main */ = {
			isa = PBXGroup;
			children = (
				BF47195129A5A6E000A64225 /* MainViewController.swift */,
				BF47195329A5A6E700A64225 /* MainViewModel.swift */,
			);
			path = Main;
			sourceTree = "<group>";
		};
		BF47195D29A856A000A64225 /* NewGroup */ = {
			isa = PBXGroup;
			children = (
				BF47195E29A856AA00A64225 /* NewGroupViewController.swift */,
				BF47196029A856DD00A64225 /* NewGroupViewModel.swift */,
				BF4718F529A35BE600A64225 /* LocationSelect */,
				BF47196429A9C99B00A64225 /* AddressSearch */,
			);
			path = NewGroup;
			sourceTree = "<group>";
		};
		BF47196429A9C99B00A64225 /* AddressSearch */ = {
			isa = PBXGroup;
			children = (
				BF47196529A9C9A900A64225 /* AddressSearchViewModel.swift */,
				BF47196729A9C9C100A64225 /* AddressSearchViewController.swift */,
				BF47196B29AB2F6100A64225 /* AddressSearchViewCell.swift */,
				BF47196D29AB2F7B00A64225 /* AddressSearchCellViewModel.swift */,
			);
			path = AddressSearch;
			sourceTree = "<group>";
		};
		BF47197529AC420000A64225 /* Repository */ = {
			isa = PBXGroup;
			children = (
				BF47197629AC422500A64225 /* AddressRepository.swift */,
				BF47198529AD8A9E00A64225 /* NewGroupRepository.swift */,
				BF23DAC229B099F6002F7995 /* LoginRepository.swift */,
			);
			path = Repository;
			sourceTree = "<group>";
		};
		BF47197829AC425E00A64225 /* Network */ = {
			isa = PBXGroup;
			children = (
				BF47197929AC426A00A64225 /* AddressNetwork.swift */,
				BF47198929AD8D7A00A64225 /* NewGroupNetwork.swift */,
			);
			path = Network;
			sourceTree = "<group>";
		};
		BF47197E29AC7E2600A64225 /* Search */ = {
			isa = PBXGroup;
			children = (
				BF47197F29AC7E3400A64225 /* SearchViewModel.swift */,
				BF47198129AC7E5200A64225 /* SearchViewController.swift */,
			);
			path = Search;
			sourceTree = "<group>";
		};
		BFE361C629A1F6F200FA0F11 = {
			isa = PBXGroup;
			children = (
				BFE361D129A1F6F200FA0F11 /* BanTaxi */,
				BF47196F29AB30B100A64225 /* Constant.swift */,
				BFE361D029A1F6F200FA0F11 /* Products */,
				22BBDDB721C99B09776FDCE7 /* Pods */,
				ADEE4199E4C924C58D919B38 /* Frameworks */,
			);
			sourceTree = "<group>";
		};
		BFE361D029A1F6F200FA0F11 /* Products */ = {
			isa = PBXGroup;
			children = (
				BFE361CF29A1F6F200FA0F11 /* BanTaxi.app */,
			);
			name = Products;
			sourceTree = "<group>";
		};
		BFE361D129A1F6F200FA0F11 /* BanTaxi */ = {
			isa = PBXGroup;
			children = (
				BF23DAB729AF08FE002F7995 /* User */,
				BF47197829AC425E00A64225 /* Network */,
				BF47197529AC420000A64225 /* Repository */,
				BF4718F429A33ED500A64225 /* BanTaxi.entitlements */,
				BF47194B29A3CAEE00A64225 /* Util */,
				BF44118629A21DF400A55F27 /* Entity */,
				BFE361F129A1F92B00FA0F11 /* Presentation */,
				BFE361F029A1F90500FA0F11 /* Delegate */,
				BFE361DB29A1F6F200FA0F11 /* Assets.xcassets */,
				BFE361E029A1F6F200FA0F11 /* Info.plist */,
				BFBC461629A2014400CB3E0F /* GoogleService-Info.plist */,
				BF47194929A3CAC500A64225 /* API-Key.plist */,
				BFE361FA29A1FED000FA0F11 /* Launch Screen.storyboard */,
				BF47194829A361F600A64225 /* BridgingHeader.h */,
			);
			path = BanTaxi;
			sourceTree = "<group>";
		};
		BFE361F029A1F90500FA0F11 /* Delegate */ = {
			isa = PBXGroup;
			children = (
				BFE361D229A1F6F200FA0F11 /* AppDelegate.swift */,
				BFE361D429A1F6F200FA0F11 /* SceneDelegate.swift */,
			);
			path = Delegate;
			sourceTree = "<group>";
		};
		BFE361F129A1F92B00FA0F11 /* Presentation */ = {
			isa = PBXGroup;
			children = (
				BF47197E29AC7E2600A64225 /* Search */,
				BF47195D29A856A000A64225 /* NewGroup */,
				BF47195029A5A6D900A64225 /* Main */,
				BFE361F529A1FB2F00FA0F11 /* Login */,
				BFE361F229A1F93E00FA0F11 /* Start */,
			);
			path = Presentation;
			sourceTree = "<group>";
		};
		BFE361F229A1F93E00FA0F11 /* Start */ = {
			isa = PBXGroup;
			children = (
				BFE361F329A1F94B00FA0F11 /* StartViewController.swift */,
				BF23DAC029B096D5002F7995 /* StartViewModel.swift */,
			);
			path = Start;
			sourceTree = "<group>";
		};
		BFE361F529A1FB2F00FA0F11 /* Login */ = {
			isa = PBXGroup;
			children = (
				BFE361F629A1FB3800FA0F11 /* LoginViewController.swift */,
				BFE361F829A1FB3D00FA0F11 /* LoginViewModel.swift */,
			);
			path = Login;
			sourceTree = "<group>";
		};
/* End PBXGroup section */

/* Begin PBXNativeTarget section */
		BFE361CE29A1F6F200FA0F11 /* BanTaxi */ = {
			isa = PBXNativeTarget;
			buildConfigurationList = BFE361E329A1F6F200FA0F11 /* Build configuration list for PBXNativeTarget "BanTaxi" */;
			buildPhases = (
				65234E7292036BF604AFFA6C /* [CP] Check Pods Manifest.lock */,
				BFE361CB29A1F6F200FA0F11 /* Sources */,
				BFE361CC29A1F6F200FA0F11 /* Frameworks */,
				BFE361CD29A1F6F200FA0F11 /* Resources */,
				DEB9DD4337425DD6BC62B145 /* [CP] Embed Pods Frameworks */,
			);
			buildRules = (
			);
			dependencies = (
			);
			name = BanTaxi;
			productName = BanTaxi;
			productReference = BFE361CF29A1F6F200FA0F11 /* BanTaxi.app */;
			productType = "com.apple.product-type.application";
		};
/* End PBXNativeTarget section */

/* Begin PBXProject section */
		BFE361C729A1F6F200FA0F11 /* Project object */ = {
			isa = PBXProject;
			attributes = {
				BuildIndependentTargetsInParallel = 1;
				LastSwiftUpdateCheck = 1420;
				LastUpgradeCheck = 1420;
				TargetAttributes = {
					BFE361CE29A1F6F200FA0F11 = {
						CreatedOnToolsVersion = 14.2;
					};
				};
			};
			buildConfigurationList = BFE361CA29A1F6F200FA0F11 /* Build configuration list for PBXProject "BanTaxi" */;
			compatibilityVersion = "Xcode 14.0";
			developmentRegion = en;
			hasScannedForEncodings = 0;
			knownRegions = (
				en,
				Base,
			);
			mainGroup = BFE361C629A1F6F200FA0F11;
			packageReferences = (
			);
			productRefGroup = BFE361D029A1F6F200FA0F11 /* Products */;
			projectDirPath = "";
			projectRoot = "";
			targets = (
				BFE361CE29A1F6F200FA0F11 /* BanTaxi */,
			);
		};
/* End PBXProject section */

/* Begin PBXResourcesBuildPhase section */
		BFE361CD29A1F6F200FA0F11 /* Resources */ = {
			isa = PBXResourcesBuildPhase;
			buildActionMask = 2147483647;
			files = (
				BF47193729A3601300A64225 /* map_present.png in Resources */,
				BF47192D29A3601300A64225 /* map_pin@3x.png in Resources */,
				BF47192B29A3601300A64225 /* map_pin_red@3x.png in Resources */,
				BF47193629A3601300A64225 /* map_pin.png in Resources */,
				BF47192F29A3601300A64225 /* map_pin_red.png in Resources */,
				BF47192129A3601300A64225 /* map_pinup_custom@3x.png in Resources */,
				BF47192929A3601300A64225 /* copyright.png in Resources */,
				BF47192829A3601300A64225 /* map_pin_shadow@3x.png in Resources */,
				BFE361FB29A1FED000FA0F11 /* Launch Screen.storyboard in Resources */,
				BF47192C29A3601300A64225 /* daum_copyright.png in Resources */,
				BF47193029A3601300A64225 /* info_box.png in Resources */,
				BF47192629A3601300A64225 /* map_pin_custom@3x.png in Resources */,
				BF47193B29A3601300A64225 /* map_pin_shadow.png in Resources */,
				BF47192E29A3601300A64225 /* map_present_tracking.png in Resources */,
				BF47192529A3601300A64225 /* detail_button.png in Resources */,
				BF47193829A3601300A64225 /* noimage.png in Resources */,
				BF47192A29A3601300A64225 /* th_line.png in Resources */,
				BF47193329A3601300A64225 /* info_box_tail.png in Resources */,
				BF47192229A3601300A64225 /* map_pin_custom.png in Resources */,
				BF47193229A3601300A64225 /* map_pinup_custom.png in Resources */,
				BF47192729A3601300A64225 /* map_pinup@3x.png in Resources */,
				BF47194A29A3CAC500A64225 /* API-Key.plist in Resources */,
				BF47193129A3601300A64225 /* point_sprite.png in Resources */,
				BF47193929A3601300A64225 /* map_present_background_update.png in Resources */,
				BF47193529A3601300A64225 /* map_present_direction.png in Resources */,
				BF47193429A3601300A64225 /* noimage256.png in Resources */,
				BF47192329A3601300A64225 /* shadow_balloon.png in Resources */,
				BFE361DC29A1F6F200FA0F11 /* Assets.xcassets in Resources */,
				BFBC461729A2014400CB3E0F /* GoogleService-Info.plist in Resources */,
				BF47193A29A3601300A64225 /* daum_th_line.png in Resources */,
				BF47192429A3601300A64225 /* map_pinup.png in Resources */,
			);
			runOnlyForDeploymentPostprocessing = 0;
		};
/* End PBXResourcesBuildPhase section */

/* Begin PBXShellScriptBuildPhase section */
		65234E7292036BF604AFFA6C /* [CP] Check Pods Manifest.lock */ = {
			isa = PBXShellScriptBuildPhase;
			buildActionMask = 2147483647;
			files = (
			);
			inputFileListPaths = (
			);
			inputPaths = (
				"${PODS_PODFILE_DIR_PATH}/Podfile.lock",
				"${PODS_ROOT}/Manifest.lock",
			);
			name = "[CP] Check Pods Manifest.lock";
			outputFileListPaths = (
			);
			outputPaths = (
				"$(DERIVED_FILE_DIR)/Pods-BanTaxi-checkManifestLockResult.txt",
			);
			runOnlyForDeploymentPostprocessing = 0;
			shellPath = /bin/sh;
			shellScript = "diff \"${PODS_PODFILE_DIR_PATH}/Podfile.lock\" \"${PODS_ROOT}/Manifest.lock\" > /dev/null\nif [ $? != 0 ] ; then\n    # print error to STDERR\n    echo \"error: The sandbox is not in sync with the Podfile.lock. Run 'pod install' or update your CocoaPods installation.\" >&2\n    exit 1\nfi\n# This output is used by Xcode 'outputs' to avoid re-running this script phase.\necho \"SUCCESS\" > \"${SCRIPT_OUTPUT_FILE_0}\"\n";
			showEnvVarsInLog = 0;
		};
		DEB9DD4337425DD6BC62B145 /* [CP] Embed Pods Frameworks */ = {
			isa = PBXShellScriptBuildPhase;
			buildActionMask = 2147483647;
			files = (
			);
			inputFileListPaths = (
				"${PODS_ROOT}/Target Support Files/Pods-BanTaxi/Pods-BanTaxi-frameworks-${CONFIGURATION}-input-files.xcfilelist",
			);
			name = "[CP] Embed Pods Frameworks";
			outputFileListPaths = (
				"${PODS_ROOT}/Target Support Files/Pods-BanTaxi/Pods-BanTaxi-frameworks-${CONFIGURATION}-output-files.xcfilelist",
			);
			runOnlyForDeploymentPostprocessing = 0;
			shellPath = /bin/sh;
			shellScript = "\"${PODS_ROOT}/Target Support Files/Pods-BanTaxi/Pods-BanTaxi-frameworks.sh\"\n";
			showEnvVarsInLog = 0;
		};
/* End PBXShellScriptBuildPhase section */

/* Begin PBXSourcesBuildPhase section */
		BFE361CB29A1F6F200FA0F11 /* Sources */ = {
			isa = PBXSourcesBuildPhase;
			buildActionMask = 2147483647;
			files = (
				BF4718F729A35BF500A64225 /* LocationSelectViewController.swift in Sources */,
				BF47196629A9C9A900A64225 /* AddressSearchViewModel.swift in Sources */,
				BF47198629AD8A9E00A64225 /* NewGroupRepository.swift in Sources */,
				BF47195F29A856AA00A64225 /* NewGroupViewController.swift in Sources */,
				BF23DABD29B09340002F7995 /* User.swift in Sources */,
				BF44118829A21DFE00A55F27 /* RequestResult.swift in Sources */,
				BFE361F729A1FB3800FA0F11 /* LoginViewController.swift in Sources */,
				BF47198429AC882900A64225 /* UITextField.swift in Sources */,
				BF47198829AD8AD100A64225 /* GroupInfo.swift in Sources */,
				BF23DAC129B096D5002F7995 /* StartViewModel.swift in Sources */,
				BF47196829A9C9C100A64225 /* AddressSearchViewController.swift in Sources */,
				BFE361D329A1F6F200FA0F11 /* AppDelegate.swift in Sources */,
				BF47197029AB30B100A64225 /* Constant.swift in Sources */,
				BF47197729AC422500A64225 /* AddressRepository.swift in Sources */,
				BFE361D529A1F6F200FA0F11 /* SceneDelegate.swift in Sources */,
				BFE361F929A1FB3D00FA0F11 /* LoginViewModel.swift in Sources */,
				BF47197A29AC426A00A64225 /* AddressNetwork.swift in Sources */,
				BF47196E29AB2F7B00A64225 /* AddressSearchCellViewModel.swift in Sources */,
				BF47196129A856DD00A64225 /* NewGroupViewModel.swift in Sources */,
				BF47196A29AB26DC00A64225 /* AddressData.swift in Sources */,
				BF23DAB929AF0906002F7995 /* UserManager.swift in Sources */,
				BF47198A29AD8D7A00A64225 /* NewGroupNetwork.swift in Sources */,
				BF47198229AC7E5200A64225 /* SearchViewController.swift in Sources */,
				BF47197229ABC77200A64225 /* LocationSettingMode.swift in Sources */,
				BFE361F429A1F94B00FA0F11 /* StartViewController.swift in Sources */,
				BF47194D29A3CAFB00A64225 /* API.swift in Sources */,
				BF47198029AC7E3400A64225 /* SearchViewModel.swift in Sources */,
				BF47196C29AB2F6100A64225 /* AddressSearchViewCell.swift in Sources */,
				BF47196329A8871700A64225 /* UIView.swift in Sources */,
				BF23DAC329B099F6002F7995 /* LoginRepository.swift in Sources */,
				BF4718F929A35BFD00A64225 /* LocationSelectViewModel.swift in Sources */,
				BF47195229A5A6E000A64225 /* MainViewController.swift in Sources */,
				BF47195429A5A6E700A64225 /* MainViewModel.swift in Sources */,
			);
			runOnlyForDeploymentPostprocessing = 0;
		};
/* End PBXSourcesBuildPhase section */

/* Begin XCBuildConfiguration section */
		BFE361E129A1F6F200FA0F11 /* Debug */ = {
			isa = XCBuildConfiguration;
			buildSettings = {
				ALWAYS_SEARCH_USER_PATHS = NO;
				CLANG_ANALYZER_NONNULL = YES;
				CLANG_ANALYZER_NUMBER_OBJECT_CONVERSION = YES_AGGRESSIVE;
				CLANG_CXX_LANGUAGE_STANDARD = "gnu++20";
				CLANG_ENABLE_MODULES = YES;
				CLANG_ENABLE_OBJC_ARC = NO;
				CLANG_ENABLE_OBJC_WEAK = YES;
				CLANG_WARN_BLOCK_CAPTURE_AUTORELEASING = YES;
				CLANG_WARN_BOOL_CONVERSION = YES;
				CLANG_WARN_COMMA = YES;
				CLANG_WARN_CONSTANT_CONVERSION = YES;
				CLANG_WARN_DEPRECATED_OBJC_IMPLEMENTATIONS = YES;
				CLANG_WARN_DIRECT_OBJC_ISA_USAGE = YES_ERROR;
				CLANG_WARN_DOCUMENTATION_COMMENTS = YES;
				CLANG_WARN_EMPTY_BODY = YES;
				CLANG_WARN_ENUM_CONVERSION = YES;
				CLANG_WARN_INFINITE_RECURSION = YES;
				CLANG_WARN_INT_CONVERSION = YES;
				CLANG_WARN_NON_LITERAL_NULL_CONVERSION = YES;
				CLANG_WARN_OBJC_IMPLICIT_RETAIN_SELF = YES;
				CLANG_WARN_OBJC_LITERAL_CONVERSION = YES;
				CLANG_WARN_OBJC_ROOT_CLASS = YES_ERROR;
				CLANG_WARN_QUOTED_INCLUDE_IN_FRAMEWORK_HEADER = YES;
				CLANG_WARN_RANGE_LOOP_ANALYSIS = YES;
				CLANG_WARN_STRICT_PROTOTYPES = YES;
				CLANG_WARN_SUSPICIOUS_MOVE = YES;
				CLANG_WARN_UNGUARDED_AVAILABILITY = YES_AGGRESSIVE;
				CLANG_WARN_UNREACHABLE_CODE = YES;
				CLANG_WARN__DUPLICATE_METHOD_MATCH = YES;
				COPY_PHASE_STRIP = NO;
				DEBUG_INFORMATION_FORMAT = dwarf;
				ENABLE_STRICT_OBJC_MSGSEND = YES;
				ENABLE_TESTABILITY = YES;
				GCC_C_LANGUAGE_STANDARD = gnu11;
				GCC_DYNAMIC_NO_PIC = NO;
				GCC_NO_COMMON_BLOCKS = YES;
				GCC_OPTIMIZATION_LEVEL = 0;
				GCC_PREPROCESSOR_DEFINITIONS = (
					"DEBUG=1",
					"$(inherited)",
				);
				GCC_WARN_64_TO_32_BIT_CONVERSION = YES;
				GCC_WARN_ABOUT_RETURN_TYPE = YES_ERROR;
				GCC_WARN_UNDECLARED_SELECTOR = YES;
				GCC_WARN_UNINITIALIZED_AUTOS = YES_AGGRESSIVE;
				GCC_WARN_UNUSED_FUNCTION = YES;
				GCC_WARN_UNUSED_VARIABLE = YES;
				IPHONEOS_DEPLOYMENT_TARGET = 16.2;
				MTL_ENABLE_DEBUG_INFO = INCLUDE_SOURCE;
				MTL_FAST_MATH = YES;
				ONLY_ACTIVE_ARCH = YES;
				SDKROOT = iphoneos;
				SWIFT_ACTIVE_COMPILATION_CONDITIONS = DEBUG;
				SWIFT_OPTIMIZATION_LEVEL = "-Onone";
			};
			name = Debug;
		};
		BFE361E229A1F6F200FA0F11 /* Release */ = {
			isa = XCBuildConfiguration;
			buildSettings = {
				ALWAYS_SEARCH_USER_PATHS = NO;
				CLANG_ANALYZER_NONNULL = YES;
				CLANG_ANALYZER_NUMBER_OBJECT_CONVERSION = YES_AGGRESSIVE;
				CLANG_CXX_LANGUAGE_STANDARD = "gnu++20";
				CLANG_ENABLE_MODULES = YES;
				CLANG_ENABLE_OBJC_ARC = NO;
				CLANG_ENABLE_OBJC_WEAK = YES;
				CLANG_WARN_BLOCK_CAPTURE_AUTORELEASING = YES;
				CLANG_WARN_BOOL_CONVERSION = YES;
				CLANG_WARN_COMMA = YES;
				CLANG_WARN_CONSTANT_CONVERSION = YES;
				CLANG_WARN_DEPRECATED_OBJC_IMPLEMENTATIONS = YES;
				CLANG_WARN_DIRECT_OBJC_ISA_USAGE = YES_ERROR;
				CLANG_WARN_DOCUMENTATION_COMMENTS = YES;
				CLANG_WARN_EMPTY_BODY = YES;
				CLANG_WARN_ENUM_CONVERSION = YES;
				CLANG_WARN_INFINITE_RECURSION = YES;
				CLANG_WARN_INT_CONVERSION = YES;
				CLANG_WARN_NON_LITERAL_NULL_CONVERSION = YES;
				CLANG_WARN_OBJC_IMPLICIT_RETAIN_SELF = YES;
				CLANG_WARN_OBJC_LITERAL_CONVERSION = YES;
				CLANG_WARN_OBJC_ROOT_CLASS = YES_ERROR;
				CLANG_WARN_QUOTED_INCLUDE_IN_FRAMEWORK_HEADER = YES;
				CLANG_WARN_RANGE_LOOP_ANALYSIS = YES;
				CLANG_WARN_STRICT_PROTOTYPES = YES;
				CLANG_WARN_SUSPICIOUS_MOVE = YES;
				CLANG_WARN_UNGUARDED_AVAILABILITY = YES_AGGRESSIVE;
				CLANG_WARN_UNREACHABLE_CODE = YES;
				CLANG_WARN__DUPLICATE_METHOD_MATCH = YES;
				COPY_PHASE_STRIP = NO;
				DEBUG_INFORMATION_FORMAT = "dwarf-with-dsym";
				ENABLE_NS_ASSERTIONS = NO;
				ENABLE_STRICT_OBJC_MSGSEND = YES;
				GCC_C_LANGUAGE_STANDARD = gnu11;
				GCC_NO_COMMON_BLOCKS = YES;
				GCC_WARN_64_TO_32_BIT_CONVERSION = YES;
				GCC_WARN_ABOUT_RETURN_TYPE = YES_ERROR;
				GCC_WARN_UNDECLARED_SELECTOR = YES;
				GCC_WARN_UNINITIALIZED_AUTOS = YES_AGGRESSIVE;
				GCC_WARN_UNUSED_FUNCTION = YES;
				GCC_WARN_UNUSED_VARIABLE = YES;
				IPHONEOS_DEPLOYMENT_TARGET = 16.2;
				MTL_ENABLE_DEBUG_INFO = NO;
				MTL_FAST_MATH = YES;
				SDKROOT = iphoneos;
				SWIFT_COMPILATION_MODE = wholemodule;
				SWIFT_OPTIMIZATION_LEVEL = "-O";
				VALIDATE_PRODUCT = YES;
			};
			name = Release;
		};
		BFE361E429A1F6F200FA0F11 /* Debug */ = {
			isa = XCBuildConfiguration;
			baseConfigurationReference = B36A7539BC0DC746A09FF449 /* Pods-BanTaxi.debug.xcconfig */;
			buildSettings = {
				ASSETCATALOG_COMPILER_APPICON_NAME = AppIcon;
				ASSETCATALOG_COMPILER_GLOBAL_ACCENT_COLOR_NAME = AccentColor;
				CLANG_ENABLE_OBJC_ARC = NO;
				CODE_SIGN_ENTITLEMENTS = BanTaxi/BanTaxi.entitlements;
				CODE_SIGN_STYLE = Automatic;
				CURRENT_PROJECT_VERSION = 1;
				DEVELOPMENT_TEAM = KB3R84Q4BQ;
				FRAMEWORK_SEARCH_PATHS = (
					"$(inherited)",
					"$(PROJECT_DIR)/DaumMap.embeddedframework",
				);
				GENERATE_INFOPLIST_FILE = YES;
				INFOPLIST_FILE = BanTaxi/Info.plist;
				INFOPLIST_KEY_UIApplicationSupportsIndirectInputEvents = YES;
				INFOPLIST_KEY_UILaunchStoryboardName = "Launch Screen";
				INFOPLIST_KEY_UIRequiresFullScreen = YES;
				INFOPLIST_KEY_UIStatusBarStyle = UIStatusBarStyleDarkContent;
				INFOPLIST_KEY_UISupportedInterfaceOrientations = UIInterfaceOrientationPortrait;
				INFOPLIST_KEY_UISupportedInterfaceOrientations_iPad = "UIInterfaceOrientationLandscapeLeft UIInterfaceOrientationLandscapeRight UIInterfaceOrientationPortrait UIInterfaceOrientationPortraitUpsideDown";
				LD_RUNPATH_SEARCH_PATHS = (
					"$(inherited)",
					"@executable_path/Frameworks",
				);
				MARKETING_VERSION = 1.0;
				PRODUCT_BUNDLE_IDENTIFIER = com.github.suneom.BanTaxi;
				PRODUCT_NAME = "$(TARGET_NAME)";
				SUPPORTED_PLATFORMS = "iphoneos iphonesimulator";
				SUPPORTS_MACCATALYST = NO;
				SUPPORTS_MAC_DESIGNED_FOR_IPHONE_IPAD = NO;
				SWIFT_EMIT_LOC_STRINGS = YES;
				SWIFT_OBJC_BRIDGING_HEADER = /Users/eomtaeyang/Documents/Programming/BanTaxi/BanTaxi/BridgingHeader.h;
				SWIFT_VERSION = 5.0;
				TARGETED_DEVICE_FAMILY = 1;
			};
			name = Debug;
		};
		BFE361E529A1F6F200FA0F11 /* Release */ = {
			isa = XCBuildConfiguration;
			baseConfigurationReference = C5190DF9A2A5F3990F31C8F0 /* Pods-BanTaxi.release.xcconfig */;
			buildSettings = {
				ASSETCATALOG_COMPILER_APPICON_NAME = AppIcon;
				ASSETCATALOG_COMPILER_GLOBAL_ACCENT_COLOR_NAME = AccentColor;
				CLANG_ENABLE_OBJC_ARC = NO;
				CODE_SIGN_ENTITLEMENTS = BanTaxi/BanTaxi.entitlements;
				CODE_SIGN_STYLE = Automatic;
				CURRENT_PROJECT_VERSION = 1;
				DEVELOPMENT_TEAM = KB3R84Q4BQ;
				FRAMEWORK_SEARCH_PATHS = (
					"$(inherited)",
					"$(PROJECT_DIR)/DaumMap.embeddedframework",
				);
				GENERATE_INFOPLIST_FILE = YES;
				INFOPLIST_FILE = BanTaxi/Info.plist;
				INFOPLIST_KEY_UIApplicationSupportsIndirectInputEvents = YES;
				INFOPLIST_KEY_UILaunchStoryboardName = "Launch Screen";
				INFOPLIST_KEY_UIRequiresFullScreen = YES;
				INFOPLIST_KEY_UIStatusBarStyle = UIStatusBarStyleDarkContent;
				INFOPLIST_KEY_UISupportedInterfaceOrientations = UIInterfaceOrientationPortrait;
				INFOPLIST_KEY_UISupportedInterfaceOrientations_iPad = "UIInterfaceOrientationLandscapeLeft UIInterfaceOrientationLandscapeRight UIInterfaceOrientationPortrait UIInterfaceOrientationPortraitUpsideDown";
				LD_RUNPATH_SEARCH_PATHS = (
					"$(inherited)",
					"@executable_path/Frameworks",
				);
				MARKETING_VERSION = 1.0;
				PRODUCT_BUNDLE_IDENTIFIER = com.github.suneom.BanTaxi;
				PRODUCT_NAME = "$(TARGET_NAME)";
				SUPPORTED_PLATFORMS = "iphoneos iphonesimulator";
				SUPPORTS_MACCATALYST = NO;
				SUPPORTS_MAC_DESIGNED_FOR_IPHONE_IPAD = NO;
				SWIFT_EMIT_LOC_STRINGS = YES;
				SWIFT_OBJC_BRIDGING_HEADER = /Users/eomtaeyang/Documents/Programming/BanTaxi/BanTaxi/BridgingHeader.h;
				SWIFT_VERSION = 5.0;
				TARGETED_DEVICE_FAMILY = 1;
			};
			name = Release;
		};
/* End XCBuildConfiguration section */

/* Begin XCConfigurationList section */
		BFE361CA29A1F6F200FA0F11 /* Build configuration list for PBXProject "BanTaxi" */ = {
			isa = XCConfigurationList;
			buildConfigurations = (
				BFE361E129A1F6F200FA0F11 /* Debug */,
				BFE361E229A1F6F200FA0F11 /* Release */,
			);
			defaultConfigurationIsVisible = 0;
			defaultConfigurationName = Release;
		};
		BFE361E329A1F6F200FA0F11 /* Build configuration list for PBXNativeTarget "BanTaxi" */ = {
			isa = XCConfigurationList;
			buildConfigurations = (
				BFE361E429A1F6F200FA0F11 /* Debug */,
				BFE361E529A1F6F200FA0F11 /* Release */,
			);
			defaultConfigurationIsVisible = 0;
			defaultConfigurationName = Release;
		};
/* End XCConfigurationList section */
	};
	rootObject = BFE361C729A1F6F200FA0F11 /* Project object */;
}
